
Microsoft Visual Studio Solution File, Format Version 12.00
# Visual Studio 14
VisualStudioVersion = 14.0.23107.0
MinimumVisualStudioVersion = 10.0.40219.1
Project("{FAE04EC0-301F-11D3-BF4B-00C04F79EFBC}") = "AspiritechJIRABugReportBrowser", "AspiritechJIRABugReportBrowser\AspiritechJIRABugReportBrowser.csproj", "{6ED124F3-0A3A-4F7C-9481-D87FDA9D900C}"
EndProject
Global
	GlobalSection(SolutionConfigurationPlatforms) = preSolution
		Debug|Any CPU = Debug|Any CPU
		Release|Any CPU = Release|Any CPU
	EndGlobalSection
	GlobalSection(ProjectConfigurationPlatforms) = postSolution
		{6ED124F3-0A3A-4F7C-9481-D87FDA9D900C}.Debug|Any CPU.ActiveCfg = Debug|Any CPU
		{6ED124F3-0A3A-4F7C-9481-D87FDA9D900C}.Debug|Any CPU.Build.0 = Debug|Any CPU
		{6ED124F3-0A3A-4F7C-9481-D87FDA9D900C}.Release|Any CPU.ActiveCfg = Release|Any CPU
		{6ED124F3-0A3A-4F7C-9481-D87FDA9D900C}.Release|Any CPU.Build.0 = Release|Any CPU
	EndGlobalSection
	GlobalSection(SolutionProperties) = preSolution
		HideSolutionNode = FALSE
	EndGlobalSection
EndGlobal
